
Microsoft Visual Studio Solution File, Format Version 12.00
# Visual Studio Version 16
VisualStudioVersion = 16.0.29503.13
MinimumVisualStudioVersion = 10.0.40219.1
Project("{FAE04EC0-301F-11D3-BF4B-00C04F79EFBC}") = "WebApplication3", "WebApplication3\WebApplication3.csproj", "{F2A42DE8-D40D-47FD-B872-FC56A142579A}"
EndProject
Global
	GlobalSection(SolutionConfigurationPlatforms) = preSolution
		Debug|Any CPU = Debug|Any CPU
		Release|Any CPU = Release|Any CPU
	EndGlobalSection
	GlobalSection(ProjectConfigurationPlatforms) = postSolution
		{F2A42DE8-D40D-47FD-B872-FC56A142579A}.Debug|Any CPU.ActiveCfg = Debug|Any CPU
		{F2A42DE8-D40D-47FD-B872-FC56A142579A}.Debug|Any CPU.Build.0 = Debug|Any CPU
		{F2A42DE8-D40D-47FD-B872-FC56A142579A}.Release|Any CPU.ActiveCfg = Release|Any CPU
		{F2A42DE8-D40D-47FD-B872-FC56A142579A}.Release|Any CPU.Build.0 = Release|Any CPU
	EndGlobalSection
	GlobalSection(SolutionProperties) = preSolution
		HideSolutionNode = FALSE
	EndGlobalSection
	GlobalSection(ExtensibilityGlobals) = postSolution
		SolutionGuid = {D08DA6E5-7A5F-4E64-B31D-3174DC933464}
	EndGlobalSection
EndGlobal
